
Microsoft Visual Studio Solution File, Format Version 12.00
# Visual Studio Version 17
VisualStudioVersion = 17.10.34928.147
MinimumVisualStudioVersion = 10.0.40219.1
Project("{FAE04EC0-301F-11D3-BF4B-00C04F79EFBC}") = "RedisExampleApi", "RedisExampleApi\RedisExampleApi.csproj", "{02501D39-0BF3-4046-A3A1-A34E9CCE0380}"
EndProject
Project("{FAE04EC0-301F-11D3-BF4B-00C04F79EFBC}") = "RedisExampleCache", "RedisExampleCache\RedisExampleCache.csproj", "{CFD94CEC-E52E-4BE5-9509-CF3C4931F027}"
EndProject
Global
	GlobalSection(SolutionConfigurationPlatforms) = preSolution
		Debug|Any CPU = Debug|Any CPU
		Release|Any CPU = Release|Any CPU
	EndGlobalSection
	GlobalSection(ProjectConfigurationPlatforms) = postSolution
		{02501D39-0BF3-4046-A3A1-A34E9CCE0380}.Debug|Any CPU.ActiveCfg = Debug|Any CPU
		{02501D39-0BF3-4046-A3A1-A34E9CCE0380}.Debug|Any CPU.Build.0 = Debug|Any CPU
		{02501D39-0BF3-4046-A3A1-A34E9CCE0380}.Release|Any CPU.ActiveCfg = Release|Any CPU
		{02501D39-0BF3-4046-A3A1-A34E9CCE0380}.Release|Any CPU.Build.0 = Release|Any CPU
		{CFD94CEC-E52E-4BE5-9509-CF3C4931F027}.Debug|Any CPU.ActiveCfg = Debug|Any CPU
		{CFD94CEC-E52E-4BE5-9509-CF3C4931F027}.Debug|Any CPU.Build.0 = Debug|Any CPU
		{CFD94CEC-E52E-4BE5-9509-CF3C4931F027}.Release|Any CPU.ActiveCfg = Release|Any CPU
		{CFD94CEC-E52E-4BE5-9509-CF3C4931F027}.Release|Any CPU.Build.0 = Release|Any CPU
	EndGlobalSection
	GlobalSection(SolutionProperties) = preSolution
		HideSolutionNode = FALSE
	EndGlobalSection
	GlobalSection(ExtensibilityGlobals) = postSolution
		SolutionGuid = {4E95EA33-A65F-48D6-AEFC-18E8721700E6}
	EndGlobalSection
EndGlobal
